
Microsoft Visual Studio Solution File, Format Version 12.00
# Visual Studio Version 17
VisualStudioVersion = 17.9.34310.174
MinimumVisualStudioVersion = 10.0.40219.1
Project("{FAE04EC0-301F-11D3-BF4B-00C04F79EFBC}") = "WebAppChartsWasm", "WebAppChartsWasm\WebAppChartsWasm\WebAppChartsWasm.csproj", "{8EFCC2E7-4B79-43F7-B980-AC99463B6EE6}"
EndProject
Project("{FAE04EC0-301F-11D3-BF4B-00C04F79EFBC}") = "WebAppChartsWasm.Client", "WebAppChartsWasm\WebAppChartsWasm.Client\WebAppChartsWasm.Client.csproj", "{E6E6D39F-2683-47E6-AC3E-0A3E13160BEC}"
EndProject
Global
	GlobalSection(SolutionConfigurationPlatforms) = preSolution
		Debug|Any CPU = Debug|Any CPU
		Release|Any CPU = Release|Any CPU
	EndGlobalSection
	GlobalSection(ProjectConfigurationPlatforms) = postSolution
		{8EFCC2E7-4B79-43F7-B980-AC99463B6EE6}.Debug|Any CPU.ActiveCfg = Debug|Any CPU
		{8EFCC2E7-4B79-43F7-B980-AC99463B6EE6}.Debug|Any CPU.Build.0 = Debug|Any CPU
		{8EFCC2E7-4B79-43F7-B980-AC99463B6EE6}.Release|Any CPU.ActiveCfg = Release|Any CPU
		{8EFCC2E7-4B79-43F7-B980-AC99463B6EE6}.Release|Any CPU.Build.0 = Release|Any CPU
		{E6E6D39F-2683-47E6-AC3E-0A3E13160BEC}.Debug|Any CPU.ActiveCfg = Debug|Any CPU
		{E6E6D39F-2683-47E6-AC3E-0A3E13160BEC}.Debug|Any CPU.Build.0 = Debug|Any CPU
		{E6E6D39F-2683-47E6-AC3E-0A3E13160BEC}.Release|Any CPU.ActiveCfg = Release|Any CPU
		{E6E6D39F-2683-47E6-AC3E-0A3E13160BEC}.Release|Any CPU.Build.0 = Release|Any CPU
	EndGlobalSection
	GlobalSection(SolutionProperties) = preSolution
		HideSolutionNode = FALSE
	EndGlobalSection
	GlobalSection(ExtensibilityGlobals) = postSolution
		SolutionGuid = {C4F716FA-361F-4524-902A-0F79ACF671A7}
	EndGlobalSection
EndGlobal
